// !$*UTF8*$!
{
	archiveVersion = 1;
	classes = {
	};
	objectVersion = 51;
	objects = {

/* Begin PBXBuildFile section */
		0A294BC2258BA30F00CB60C6 /* AppDelegate.swift in Sources */ = {isa = PBXBuildFile; fileRef = 0A294BC1258BA30F00CB60C6 /* AppDelegate.swift */; };
		0A294BC4258BA30F00CB60C6 /* SceneDelegate.swift in Sources */ = {isa = PBXBuildFile; fileRef = 0A294BC3258BA30F00CB60C6 /* SceneDelegate.swift */; };
		0A294BC6258BA30F00CB60C6 /* ViewController.swift in Sources */ = {isa = PBXBuildFile; fileRef = 0A294BC5258BA30F00CB60C6 /* ViewController.swift */; };
		0A294BC9258BA30F00CB60C6 /* Main.storyboard in Resources */ = {isa = PBXBuildFile; fileRef = 0A294BC7258BA30F00CB60C6 /* Main.storyboard */; };
		0A294BCB258BA31100CB60C6 /* Assets.xcassets in Resources */ = {isa = PBXBuildFile; fileRef = 0A294BCA258BA31100CB60C6 /* Assets.xcassets */; };
		0A294BCE258BA31100CB60C6 /* LaunchScreen.storyboard in Resources */ = {isa = PBXBuildFile; fileRef = 0A294BCC258BA31100CB60C6 /* LaunchScreen.storyboard */; };
		0A294BD6258BA35D00CB60C6 /* NetworkManager.swift in Sources */ = {isa = PBXBuildFile; fileRef = 0A294BD5258BA35D00CB60C6 /* NetworkManager.swift */; };
		0A294BD9258BA62500CB60C6 /* Model.swift in Sources */ = {isa = PBXBuildFile; fileRef = 0A294BD8258BA62500CB60C6 /* Model.swift */; };
		B58D2CA198261A83C39CCC98 /* Pods_GoRestTest.framework in Frameworks */ = {isa = PBXBuildFile; fileRef = 62DF94CC3E0EF35F9D0A0E36 /* Pods_GoRestTest.framework */; };
/* End PBXBuildFile section */

/* Begin PBXFileReference section */
		0A294BBE258BA30F00CB60C6 /* GoRestTest.app */ = {isa = PBXFileReference; explicitFileType = wrapper.application; includeInIndex = 0; path = GoRestTest.app; sourceTree = BUILT_PRODUCTS_DIR; };
		0A294BC1258BA30F00CB60C6 /* AppDelegate.swift */ = {isa = PBXFileReference; lastKnownFileType = sourcecode.swift; path = AppDelegate.swift; sourceTree = "<group>"; };
		0A294BC3258BA30F00CB60C6 /* SceneDelegate.swift */ = {isa = PBXFileReference; lastKnownFileType = sourcecode.swift; path = SceneDelegate.swift; sourceTree = "<group>"; };
		0A294BC5258BA30F00CB60C6 /* ViewController.swift */ = {isa = PBXFileReference; lastKnownFileType = sourcecode.swift; path = ViewController.swift; sourceTree = "<group>"; };
		0A294BC8258BA30F00CB60C6 /* Base */ = {isa = PBXFileReference; lastKnownFileType = file.storyboard; name = Base; path = Base.lproj/Main.storyboard; sourceTree = "<group>"; };
		0A294BCA258BA31100CB60C6 /* Assets.xcassets */ = {isa = PBXFileReference; lastKnownFileType = folder.assetcatalog; path = Assets.xcassets; sourceTree = "<group>"; };
		0A294BCD258BA31100CB60C6 /* Base */ = {isa = PBXFileReference; lastKnownFileType = file.storyboard; name = Base; path = Base.lproj/LaunchScreen.storyboard; sourceTree = "<group>"; };
		0A294BCF258BA31100CB60C6 /* Info.plist */ = {isa = PBXFileReference; lastKnownFileType = text.plist.xml; path = Info.plist; sourceTree = "<group>"; };
		0A294BD5258BA35D00CB60C6 /* NetworkManager.swift */ = {isa = PBXFileReference; lastKnownFileType = sourcecode.swift; path = NetworkManager.swift; sourceTree = "<group>"; };
		0A294BD8258BA62500CB60C6 /* Model.swift */ = {isa = PBXFileReference; lastKnownFileType = sourcecode.swift; path = Model.swift; sourceTree = "<group>"; };
		62DF94CC3E0EF35F9D0A0E36 /* Pods_GoRestTest.framework */ = {isa = PBXFileReference; explicitFileType = wrapper.framework; includeInIndex = 0; path = Pods_GoRestTest.framework; sourceTree = BUILT_PRODUCTS_DIR; };
		7A650111ACDD07ABF1307E55 /* Pods-GoRestTest.release.xcconfig */ = {isa = PBXFileReference; includeInIndex = 1; lastKnownFileType = text.xcconfig; name = "Pods-GoRestTest.release.xcconfig"; path = "Target Support Files/Pods-GoRestTest/Pods-GoRestTest.release.xcconfig"; sourceTree = "<group>"; };
		ED65CFB3879F072247CA62AD /* Pods-GoRestTest.debug.xcconfig */ = {isa = PBXFileReference; includeInIndex = 1; lastKnownFileType = text.xcconfig; name = "Pods-GoRestTest.debug.xcconfig"; path = "Target Support Files/Pods-GoRestTest/Pods-GoRestTest.debug.xcconfig"; sourceTree = "<group>"; };
/* End PBXFileReference section */

/* Begin PBXFrameworksBuildPhase section */
		0A294BBB258BA30F00CB60C6 /* Frameworks */ = {
			isa = PBXFrameworksBuildPhase;
			buildActionMask = 2147483647;
			files = (
				B58D2CA198261A83C39CCC98 /* Pods_GoRestTest.framework in Frameworks */,
			);
			runOnlyForDeploymentPostprocessing = 0;
		};
/* End PBXFrameworksBuildPhase section */

/* Begin PBXGroup section */
		0A294BB5258BA30F00CB60C6 = {
			isa = PBXGroup;
			children = (
				0A294BC0258BA30F00CB60C6 /* GoRestTest */,
				0A294BBF258BA30F00CB60C6 /* Products */,
				A1CFC3602161AD79389EA3F3 /* Pods */,
				F182A4284CD62797D2DE4C2B /* Frameworks */,
			);
			sourceTree = "<group>";
		};
		0A294BBF258BA30F00CB60C6 /* Products */ = {
			isa = PBXGroup;
			children = (
				0A294BBE258BA30F00CB60C6 /* GoRestTest.app */,
			);
			name = Products;
			sourceTree = "<group>";
		};
		0A294BC0258BA30F00CB60C6 /* GoRestTest */ = {
			isa = PBXGroup;
			children = (
				0A294BCF258BA31100CB60C6 /* Info.plist */,
				0A294BD7258BA60500CB60C6 /* SupportFiles */,
				0A294BC5258BA30F00CB60C6 /* ViewController.swift */,
				0A294BD5258BA35D00CB60C6 /* NetworkManager.swift */,
				0A294BD8258BA62500CB60C6 /* Model.swift */,
			);
			path = GoRestTest;
			sourceTree = "<group>";
		};
		0A294BD7258BA60500CB60C6 /* SupportFiles */ = {
			isa = PBXGroup;
			children = (
				0A294BC1258BA30F00CB60C6 /* AppDelegate.swift */,
				0A294BC3258BA30F00CB60C6 /* SceneDelegate.swift */,
				0A294BC7258BA30F00CB60C6 /* Main.storyboard */,
				0A294BCA258BA31100CB60C6 /* Assets.xcassets */,
				0A294BCC258BA31100CB60C6 /* LaunchScreen.storyboard */,
			);
			path = SupportFiles;
			sourceTree = "<group>";
		};
		A1CFC3602161AD79389EA3F3 /* Pods */ = {
			isa = PBXGroup;
			children = (
				ED65CFB3879F072247CA62AD /* Pods-GoRestTest.debug.xcconfig */,
				7A650111ACDD07ABF1307E55 /* Pods-GoRestTest.release.xcconfig */,
			);
			path = Pods;
			sourceTree = "<group>";
		};
		F182A4284CD62797D2DE4C2B /* Frameworks */ = {
			isa = PBXGroup;
			children = (
				62DF94CC3E0EF35F9D0A0E36 /* Pods_GoRestTest.framework */,
			);
			name = Frameworks;
			sourceTree = "<group>";
		};
/* End PBXGroup section */

/* Begin PBXNativeTarget section */
		0A294BBD258BA30F00CB60C6 /* GoRestTest */ = {
			isa = PBXNativeTarget;
			buildConfigurationList = 0A294BD2258BA31100CB60C6 /* Build configuration list for PBXNativeTarget "GoRestTest" */;
			buildPhases = (
				484E1C84FF71BA0C527EDA47 /* [CP] Check Pods Manifest.lock */,
				0A294BBA258BA30F00CB60C6 /* Sources */,
				0A294BBB258BA30F00CB60C6 /* Frameworks */,
				0A294BBC258BA30F00CB60C6 /* Resources */,
				EBD7EF9A82E6261823B35AEC /* [CP] Embed Pods Frameworks */,
			);
			buildRules = (
			);
			dependencies = (
			);
			name = GoRestTest;
			productName = GoRestTest;
			productReference = 0A294BBE258BA30F00CB60C6 /* GoRestTest.app */;
			productType = "com.apple.product-type.application";
		};
/* End PBXNativeTarget section */

/* Begin PBXProject section */
		0A294BB6258BA30F00CB60C6 /* Project object */ = {
			isa = PBXProject;
			attributes = {
				LastSwiftUpdateCheck = 1130;
				LastUpgradeCheck = 1130;
				ORGANIZATIONNAME = "Rodrigo Hernández Gómez";
				TargetAttributes = {
					0A294BBD258BA30F00CB60C6 = {
						CreatedOnToolsVersion = 11.3.1;
					};
				};
			};
			buildConfigurationList = 0A294BB9258BA30F00CB60C6 /* Build configuration list for PBXProject "GoRestTest" */;
			compatibilityVersion = "Xcode 9.3";
			developmentRegion = en;
			hasScannedForEncodings = 0;
			knownRegions = (
				en,
				Base,
			);
			mainGroup = 0A294BB5258BA30F00CB60C6;
			productRefGroup = 0A294BBF258BA30F00CB60C6 /* Products */;
			projectDirPath = "";
			projectRoot = "";
			targets = (
				0A294BBD258BA30F00CB60C6 /* GoRestTest */,
			);
		};
/* End PBXProject section */

/* Begin PBXResourcesBuildPhase section */
		0A294BBC258BA30F00CB60C6 /* Resources */ = {
			isa = PBXResourcesBuildPhase;
			buildActionMask = 2147483647;
			files = (
				0A294BCE258BA31100CB60C6 /* LaunchScreen.storyboard in Resources */,
				0A294BCB258BA31100CB60C6 /* Assets.xcassets in Resources */,
				0A294BC9258BA30F00CB60C6 /* Main.storyboard in Resources */,
			);
			runOnlyForDeploymentPostprocessing = 0;
		};
/* End PBXResourcesBuildPhase section */

/* Begin PBXShellScriptBuildPhase section */
		484E1C84FF71BA0C527EDA47 /* [CP] Check Pods Manifest.lock */ = {
			isa = PBXShellScriptBuildPhase;
			buildActionMask = 2147483647;
			files = (
			);
			inputFileListPaths = (
			);
			inputPaths = (
				"${PODS_PODFILE_DIR_PATH}/Podfile.lock",
				"${PODS_ROOT}/Manifest.lock",
			);
			name = "[CP] Check Pods Manifest.lock";
			outputFileListPaths = (
			);
			outputPaths = (
				"$(DERIVED_FILE_DIR)/Pods-GoRestTest-checkManifestLockResult.txt",
			);
			runOnlyForDeploymentPostprocessing = 0;
			shellPath = /bin/sh;
			shellScript = "diff \"${PODS_PODFILE_DIR_PATH}/Podfile.lock\" \"${PODS_ROOT}/Manifest.lock\" > /dev/null\nif [ $? != 0 ] ; then\n    # print error to STDERR\n    echo \"error: The sandbox is not in sync with the Podfile.lock. Run 'pod install' or update your CocoaPods installation.\" >&2\n    exit 1\nfi\n# This output is used by Xcode 'outputs' to avoid re-running this script phase.\necho \"SUCCESS\" > \"${SCRIPT_OUTPUT_FILE_0}\"\n";
			showEnvVarsInLog = 0;
		};
		EBD7EF9A82E6261823B35AEC /* [CP] Embed Pods Frameworks */ = {
			isa = PBXShellScriptBuildPhase;
			buildActionMask = 2147483647;
			files = (
			);
			inputFileListPaths = (
				"${PODS_ROOT}/Target Support Files/Pods-GoRestTest/Pods-GoRestTest-frameworks-${CONFIGURATION}-input-files.xcfilelist",
			);
			name = "[CP] Embed Pods Frameworks";
			outputFileListPaths = (
				"${PODS_ROOT}/Target Support Files/Pods-GoRestTest/Pods-GoRestTest-frameworks-${CONFIGURATION}-output-files.xcfilelist",
			);
			runOnlyForDeploymentPostprocessing = 0;
			shellPath = /bin/sh;
			shellScript = "\"${PODS_ROOT}/Target Support Files/Pods-GoRestTest/Pods-GoRestTest-frameworks.sh\"\n";
			showEnvVarsInLog = 0;
		};
/* End PBXShellScriptBuildPhase section */

/* Begin PBXSourcesBuildPhase section */
		0A294BBA258BA30F00CB60C6 /* Sources */ = {
			isa = PBXSourcesBuildPhase;
			buildActionMask = 2147483647;
			files = (
				0A294BD9258BA62500CB60C6 /* Model.swift in Sources */,
				0A294BD6258BA35D00CB60C6 /* NetworkManager.swift in Sources */,
				0A294BC6258BA30F00CB60C6 /* ViewController.swift in Sources */,
				0A294BC2258BA30F00CB60C6 /* AppDelegate.swift in Sources */,
				0A294BC4258BA30F00CB60C6 /* SceneDelegate.swift in Sources */,
			);
			runOnlyForDeploymentPostprocessing = 0;
		};
/* End PBXSourcesBuildPhase section */

/* Begin PBXVariantGroup section */
		0A294BC7258BA30F00CB60C6 /* Main.storyboard */ = {
			isa = PBXVariantGroup;
			children = (
				0A294BC8258BA30F00CB60C6 /* Base */,
			);
			name = Main.storyboard;
			sourceTree = "<group>";
		};
		0A294BCC258BA31100CB60C6 /* LaunchScreen.storyboard */ = {
			isa = PBXVariantGroup;
			children = (
				0A294BCD258BA31100CB60C6 /* Base */,
			);
			name = LaunchScreen.storyboard;
			sourceTree = "<group>";
		};
/* End PBXVariantGroup section */

/* Begin XCBuildConfiguration section */
		0A294BD0258BA31100CB60C6 /* Debug */ = {
			isa = XCBuildConfiguration;
			buildSettings = {
				ALWAYS_SEARCH_USER_PATHS = NO;
				CLANG_ANALYZER_NONNULL = YES;
				CLANG_ANALYZER_NUMBER_OBJECT_CONVERSION = YES_AGGRESSIVE;
				CLANG_CXX_LANGUAGE_STANDARD = "gnu++14";
				CLANG_CXX_LIBRARY = "libc++";
				CLANG_ENABLE_MODULES = YES;
				CLANG_ENABLE_OBJC_ARC = YES;
				CLANG_ENABLE_OBJC_WEAK = YES;
				CLANG_WARN_BLOCK_CAPTURE_AUTORELEASING = YES;
				CLANG_WARN_BOOL_CONVERSION = YES;
				CLANG_WARN_COMMA = YES;
				CLANG_WARN_CONSTANT_CONVERSION = YES;
				CLANG_WARN_DEPRECATED_OBJC_IMPLEMENTATIONS = YES;
				CLANG_WARN_DIRECT_OBJC_ISA_USAGE = YES_ERROR;
				CLANG_WARN_DOCUMENTATION_COMMENTS = YES;
				CLANG_WARN_EMPTY_BODY = YES;
				CLANG_WARN_ENUM_CONVERSION = YES;
				CLANG_WARN_INFINITE_RECURSION = YES;
				CLANG_WARN_INT_CONVERSION = YES;
				CLANG_WARN_NON_LITERAL_NULL_CONVERSION = YES;
				CLANG_WARN_OBJC_IMPLICIT_RETAIN_SELF = YES;
				CLANG_WARN_OBJC_LITERAL_CONVERSION = YES;
				CLANG_WARN_OBJC_ROOT_CLASS = YES_ERROR;
				CLANG_WARN_RANGE_LOOP_ANALYSIS = YES;
				CLANG_WARN_STRICT_PROTOTYPES = YES;
				CLANG_WARN_SUSPICIOUS_MOVE = YES;
				CLANG_WARN_UNGUARDED_AVAILABILITY = YES_AGGRESSIVE;
				CLANG_WARN_UNREACHABLE_CODE = YES;
				CLANG_WARN__DUPLICATE_METHOD_MATCH = YES;
				COPY_PHASE_STRIP = NO;
				DEBUG_INFORMATION_FORMAT = dwarf;
				ENABLE_STRICT_OBJC_MSGSEND = YES;
				ENABLE_TESTABILITY = YES;
				GCC_C_LANGUAGE_STANDARD = gnu11;
				GCC_DYNAMIC_NO_PIC = NO;
				GCC_NO_COMMON_BLOCKS = YES;
				GCC_OPTIMIZATION_LEVEL = 0;
				GCC_PREPROCESSOR_DEFINITIONS = (
					"DEBUG=1",
					"$(inherited)",
				);
				GCC_WARN_64_TO_32_BIT_CONVERSION = YES;
				GCC_WARN_ABOUT_RETURN_TYPE = YES_ERROR;
				GCC_WARN_UNDECLARED_SELECTOR = YES;
				GCC_WARN_UNINITIALIZED_AUTOS = YES_AGGRESSIVE;
				GCC_WARN_UNUSED_FUNCTION = YES;
				GCC_WARN_UNUSED_VARIABLE = YES;
				IPHONEOS_DEPLOYMENT_TARGET = 13.2;
				MTL_ENABLE_DEBUG_INFO = INCLUDE_SOURCE;
				MTL_FAST_MATH = YES;
				ONLY_ACTIVE_ARCH = YES;
				SDKROOT = iphoneos;
				SWIFT_ACTIVE_COMPILATION_CONDITIONS = DEBUG;
				SWIFT_OPTIMIZATION_LEVEL = "-Onone";
			};
			name = Debug;
		};
		0A294BD1258BA31100CB60C6 /* Release */ = {
			isa = XCBuildConfiguration;
			buildSettings = {
				ALWAYS_SEARCH_USER_PATHS = NO;
				CLANG_ANALYZER_NONNULL = YES;
				CLANG_ANALYZER_NUMBER_OBJECT_CONVERSION = YES_AGGRESSIVE;
				CLANG_CXX_LANGUAGE_STANDARD = "gnu++14";
				CLANG_CXX_LIBRARY = "libc++";
				CLANG_ENABLE_MODULES = YES;
				CLANG_ENABLE_OBJC_ARC = YES;
				CLANG_ENABLE_OBJC_WEAK = YES;
				CLANG_WARN_BLOCK_CAPTURE_AUTORELEASING = YES;
				CLANG_WARN_BOOL_CONVERSION = YES;
				CLANG_WARN_COMMA = YES;
				CLANG_WARN_CONSTANT_CONVERSION = YES;
				CLANG_WARN_DEPRECATED_OBJC_IMPLEMENTATIONS = YES;
				CLANG_WARN_DIRECT_OBJC_ISA_USAGE = YES_ERROR;
				CLANG_WARN_DOCUMENTATION_COMMENTS = YES;
				CLANG_WARN_EMPTY_BODY = YES;
				CLANG_WARN_ENUM_CONVERSION = YES;
				CLANG_WARN_INFINITE_RECURSION = YES;
				CLANG_WARN_INT_CONVERSION = YES;
				CLANG_WARN_NON_LITERAL_NULL_CONVERSION = YES;
				CLANG_WARN_OBJC_IMPLICIT_RETAIN_SELF = YES;
				CLANG_WARN_OBJC_LITERAL_CONVERSION = YES;
				CLANG_WARN_OBJC_ROOT_CLASS = YES_ERROR;
				CLANG_WARN_RANGE_LOOP_ANALYSIS = YES;
				CLANG_WARN_STRICT_PROTOTYPES = YES;
				CLANG_WARN_SUSPICIOUS_MOVE = YES;
				CLANG_WARN_UNGUARDED_AVAILABILITY = YES_AGGRESSIVE;
				CLANG_WARN_UNREACHABLE_CODE = YES;
				CLANG_WARN__DUPLICATE_METHOD_MATCH = YES;
				COPY_PHASE_STRIP = NO;
				DEBUG_INFORMATION_FORMAT = "dwarf-with-dsym";
				ENABLE_NS_ASSERTIONS = NO;
				ENABLE_STRICT_OBJC_MSGSEND = YES;
				GCC_C_LANGUAGE_STANDARD = gnu11;
				GCC_NO_COMMON_BLOCKS = YES;
				GCC_WARN_64_TO_32_BIT_CONVERSION = YES;
				GCC_WARN_ABOUT_RETURN_TYPE = YES_ERROR;
				GCC_WARN_UNDECLARED_SELECTOR = YES;
				GCC_WARN_UNINITIALIZED_AUTOS = YES_AGGRESSIVE;
				GCC_WARN_UNUSED_FUNCTION = YES;
				GCC_WARN_UNUSED_VARIABLE = YES;
				IPHONEOS_DEPLOYMENT_TARGET = 13.2;
				MTL_ENABLE_DEBUG_INFO = NO;
				MTL_FAST_MATH = YES;
				SDKROOT = iphoneos;
				SWIFT_COMPILATION_MODE = wholemodule;
				SWIFT_OPTIMIZATION_LEVEL = "-O";
				VALIDATE_PRODUCT = YES;
			};
			name = Release;
		};
		0A294BD3258BA31100CB60C6 /* Debug */ = {
			isa = XCBuildConfiguration;
			baseConfigurationReference = ED65CFB3879F072247CA62AD /* Pods-GoRestTest.debug.xcconfig */;
			buildSettings = {
				ASSETCATALOG_COMPILER_APPICON_NAME = AppIcon;
				CODE_SIGN_STYLE = Automatic;
				INFOPLIST_FILE = GoRestTest/Info.plist;
				LD_RUNPATH_SEARCH_PATHS = (
					"$(inherited)",
					"@executable_path/Frameworks",
				);
				PRODUCT_BUNDLE_IDENTIFIER = com.cev.ios.GoRestTest;
				PRODUCT_NAME = "$(TARGET_NAME)";
				SWIFT_VERSION = 5.0;
				TARGETED_DEVICE_FAMILY = "1,2";
			};
			name = Debug;
		};
		0A294BD4258BA31100CB60C6 /* Release */ = {
			isa = XCBuildConfiguration;
			baseConfigurationReference = 7A650111ACDD07ABF1307E55 /* Pods-GoRestTest.release.xcconfig */;
			buildSettings = {
				ASSETCATALOG_COMPILER_APPICON_NAME = AppIcon;
				CODE_SIGN_STYLE = Automatic;
				INFOPLIST_FILE = GoRestTest/Info.plist;
				LD_RUNPATH_SEARCH_PATHS = (
					"$(inherited)",
					"@executable_path/Frameworks",
				);
				PRODUCT_BUNDLE_IDENTIFIER = com.cev.ios.GoRestTest;
				PRODUCT_NAME = "$(TARGET_NAME)";
				SWIFT_VERSION = 5.0;
				TARGETED_DEVICE_FAMILY = "1,2";
			};
			name = Release;
		};
/* End XCBuildConfiguration section */

/* Begin XCConfigurationList section */
		0A294BB9258BA30F00CB60C6 /* Build configuration list for PBXProject "GoRestTest" */ = {
			isa = XCConfigurationList;
			buildConfigurations = (
				0A294BD0258BA31100CB60C6 /* Debug */,
				0A294BD1258BA31100CB60C6 /* Release */,
			);
			defaultConfigurationIsVisible = 0;
			defaultConfigurationName = Release;
		};
		0A294BD2258BA31100CB60C6 /* Build configuration list for PBXNativeTarget "GoRestTest" */ = {
			isa = XCConfigurationList;
			buildConfigurations = (
				0A294BD3258BA31100CB60C6 /* Debug */,
				0A294BD4258BA31100CB60C6 /* Release */,
			);
			defaultConfigurationIsVisible = 0;
			defaultConfigurationName = Release;
		};
/* End XCConfigurationList section */
	};
	rootObject = 0A294BB6258BA30F00CB60C6 /* Project object */;
}
